
Microsoft Visual Studio Solution File, Format Version 12.00
# Visual Studio Version 17
VisualStudioVersion = 17.9.34723.18
MinimumVisualStudioVersion = 10.0.40219.1
Project("{FAE04EC0-301F-11D3-BF4B-00C04F79EFBC}") = "Mantis-tests", "Mantis-tests.csproj", "{822D3B03-F877-4490-A54F-6FB383CD1708}"
EndProject
Global
	GlobalSection(SolutionConfigurationPlatforms) = preSolution
		Debug|Any CPU = Debug|Any CPU
		Release|Any CPU = Release|Any CPU
	EndGlobalSection
	GlobalSection(ProjectConfigurationPlatforms) = postSolution
		{822D3B03-F877-4490-A54F-6FB383CD1708}.Debug|Any CPU.ActiveCfg = Debug|Any CPU
		{822D3B03-F877-4490-A54F-6FB383CD1708}.Debug|Any CPU.Build.0 = Debug|Any CPU
		{822D3B03-F877-4490-A54F-6FB383CD1708}.Release|Any CPU.ActiveCfg = Release|Any CPU
		{822D3B03-F877-4490-A54F-6FB383CD1708}.Release|Any CPU.Build.0 = Release|Any CPU
	EndGlobalSection
	GlobalSection(SolutionProperties) = preSolution
		HideSolutionNode = FALSE
	EndGlobalSection
	GlobalSection(ExtensibilityGlobals) = postSolution
		SolutionGuid = {9FA0E65E-6EBD-4FCD-B3B2-6B0F3243D34B}
	EndGlobalSection
EndGlobal
